
Microsoft Visual Studio Solution File, Format Version 12.00
# Visual Studio Version 16
VisualStudioVersion = 16.0.30503.244
MinimumVisualStudioVersion = 10.0.40219.1
Project("{9A19103F-16F7-4668-BE54-9A1E7A4F7556}") = "BlazorApp", "BlazorApp.csproj", "{AC7EA3A7-10A8-4CCA-8FC5-910346E46D31}"
EndProject
Project("{9A19103F-16F7-4668-BE54-9A1E7A4F7556}") = "DataAccessLibrary", "..\DataAccessLibrary\DataAccessLibrary.csproj", "{1F19BFE0-F75D-40AD-8A3D-DD55C76CCA9C}"
EndProject
Global
	GlobalSection(SolutionConfigurationPlatforms) = preSolution
		Debug|Any CPU = Debug|Any CPU
		Release|Any CPU = Release|Any CPU
	EndGlobalSection
	GlobalSection(ProjectConfigurationPlatforms) = postSolution
		{AC7EA3A7-10A8-4CCA-8FC5-910346E46D31}.Debug|Any CPU.ActiveCfg = Debug|Any CPU
		{AC7EA3A7-10A8-4CCA-8FC5-910346E46D31}.Debug|Any CPU.Build.0 = Debug|Any CPU
		{AC7EA3A7-10A8-4CCA-8FC5-910346E46D31}.Release|Any CPU.ActiveCfg = Release|Any CPU
		{AC7EA3A7-10A8-4CCA-8FC5-910346E46D31}.Release|Any CPU.Build.0 = Release|Any CPU
		{1F19BFE0-F75D-40AD-8A3D-DD55C76CCA9C}.Debug|Any CPU.ActiveCfg = Debug|Any CPU
		{1F19BFE0-F75D-40AD-8A3D-DD55C76CCA9C}.Debug|Any CPU.Build.0 = Debug|Any CPU
		{1F19BFE0-F75D-40AD-8A3D-DD55C76CCA9C}.Release|Any CPU.ActiveCfg = Release|Any CPU
		{1F19BFE0-F75D-40AD-8A3D-DD55C76CCA9C}.Release|Any CPU.Build.0 = Release|Any CPU
	EndGlobalSection
	GlobalSection(SolutionProperties) = preSolution
		HideSolutionNode = FALSE
	EndGlobalSection
	GlobalSection(ExtensibilityGlobals) = postSolution
		SolutionGuid = {E9EB46CE-9C41-44D9-8788-E6E53E6A777A}
	EndGlobalSection
EndGlobal
